
Microsoft Visual Studio Solution File, Format Version 12.00
# Visual Studio Version 17
VisualStudioVersion = 17.8.34330.188
MinimumVisualStudioVersion = 10.0.40219.1
Project("{FAE04EC0-301F-11D3-BF4B-00C04F79EFBC}") = "UIMineSound", "UIMineSound\UIMineSound.csproj", "{98E77627-3328-4F9C-BF3E-C5B793D17A8D}"
EndProject
Global
	GlobalSection(SolutionConfigurationPlatforms) = preSolution
		Debug|Any CPU = Debug|Any CPU
		Release|Any CPU = Release|Any CPU
	EndGlobalSection
	GlobalSection(ProjectConfigurationPlatforms) = postSolution
		{98E77627-3328-4F9C-BF3E-C5B793D17A8D}.Debug|Any CPU.ActiveCfg = Debug|Any CPU
		{98E77627-3328-4F9C-BF3E-C5B793D17A8D}.Debug|Any CPU.Build.0 = Debug|Any CPU
		{98E77627-3328-4F9C-BF3E-C5B793D17A8D}.Release|Any CPU.ActiveCfg = Release|Any CPU
		{98E77627-3328-4F9C-BF3E-C5B793D17A8D}.Release|Any CPU.Build.0 = Release|Any CPU
	EndGlobalSection
	GlobalSection(SolutionProperties) = preSolution
		HideSolutionNode = FALSE
	EndGlobalSection
	GlobalSection(ExtensibilityGlobals) = postSolution
		SolutionGuid = {F86D8124-DC90-43B2-8CE7-1937782E96B5}
	EndGlobalSection
EndGlobal
